
Microsoft Visual Studio Solution File, Format Version 12.00
# Visual Studio Version 17
VisualStudioVersion = 17.5.002.0
MinimumVisualStudioVersion = 10.0.40219.1
Project("{9A19103F-16F7-4668-BE54-9A1E7A4F7556}") = "HelloWorld", "HelloWorld\HelloWorld.csproj", "{39EBDAD1-096B-49CE-81CB-048EE048DC23}"
EndProject
Global
	GlobalSection(SolutionConfigurationPlatforms) = preSolution
		Debug|Any CPU = Debug|Any CPU
		Release|Any CPU = Release|Any CPU
	EndGlobalSection
	GlobalSection(ProjectConfigurationPlatforms) = postSolution
		{39EBDAD1-096B-49CE-81CB-048EE048DC23}.Debug|Any CPU.ActiveCfg = Debug|Any CPU
		{39EBDAD1-096B-49CE-81CB-048EE048DC23}.Debug|Any CPU.Build.0 = Debug|Any CPU
		{39EBDAD1-096B-49CE-81CB-048EE048DC23}.Release|Any CPU.ActiveCfg = Release|Any CPU
		{39EBDAD1-096B-49CE-81CB-048EE048DC23}.Release|Any CPU.Build.0 = Release|Any CPU
	EndGlobalSection
	GlobalSection(SolutionProperties) = preSolution
		HideSolutionNode = FALSE
	EndGlobalSection
	GlobalSection(ExtensibilityGlobals) = postSolution
		SolutionGuid = {6D097E64-93CA-4014-B16C-4B6D318C3783}
	EndGlobalSection
EndGlobal
